
Microsoft Visual Studio Solution File, Format Version 12.00
# Visual Studio Version 16
VisualStudioVersion = 16.0.33423.256
MinimumVisualStudioVersion = 10.0.40219.1
Project("{FAE04EC0-301F-11D3-BF4B-00C04F79EFBC}") = "VendasMVC", "VendasMVC\VendasMVC.csproj", "{BCA4F37B-290D-4378-92A3-9EA8CA017A95}"
EndProject
Global
	GlobalSection(SolutionConfigurationPlatforms) = preSolution
		Debug|Any CPU = Debug|Any CPU
		Release|Any CPU = Release|Any CPU
	EndGlobalSection
	GlobalSection(ProjectConfigurationPlatforms) = postSolution
		{BCA4F37B-290D-4378-92A3-9EA8CA017A95}.Debug|Any CPU.ActiveCfg = Debug|Any CPU
		{BCA4F37B-290D-4378-92A3-9EA8CA017A95}.Debug|Any CPU.Build.0 = Debug|Any CPU
		{BCA4F37B-290D-4378-92A3-9EA8CA017A95}.Release|Any CPU.ActiveCfg = Release|Any CPU
		{BCA4F37B-290D-4378-92A3-9EA8CA017A95}.Release|Any CPU.Build.0 = Release|Any CPU
	EndGlobalSection
	GlobalSection(SolutionProperties) = preSolution
		HideSolutionNode = FALSE
	EndGlobalSection
	GlobalSection(ExtensibilityGlobals) = postSolution
		SolutionGuid = {280B565B-F07A-425A-958C-61A9B72F2B4B}
	EndGlobalSection
EndGlobal
